
Microsoft Visual Studio Solution File, Format Version 12.00
# Visual Studio Version 17
VisualStudioVersion = 17.1.32210.238
MinimumVisualStudioVersion = 10.0.40219.1
Project("{FAE04EC0-301F-11D3-BF4B-00C04F79EFBC}") = "UnitTestProject1", "UnitTestProject1\UnitTestProject1.csproj", "{AB9FDEB8-7262-432E-93F5-2C44DE2F7D3D}"
EndProject
Project("{FAE04EC0-301F-11D3-BF4B-00C04F79EFBC}") = "ClassLibrary", "ClassLibrary\ClassLibrary.csproj", "{45A3D730-AEEE-44D8-AE67-02068C1B0A4D}"
EndProject
Global
	GlobalSection(SolutionConfigurationPlatforms) = preSolution
		Debug|Any CPU = Debug|Any CPU
		Release|Any CPU = Release|Any CPU
	EndGlobalSection
	GlobalSection(ProjectConfigurationPlatforms) = postSolution
		{AB9FDEB8-7262-432E-93F5-2C44DE2F7D3D}.Debug|Any CPU.ActiveCfg = Debug|Any CPU
		{AB9FDEB8-7262-432E-93F5-2C44DE2F7D3D}.Debug|Any CPU.Build.0 = Debug|Any CPU
		{AB9FDEB8-7262-432E-93F5-2C44DE2F7D3D}.Release|Any CPU.ActiveCfg = Release|Any CPU
		{AB9FDEB8-7262-432E-93F5-2C44DE2F7D3D}.Release|Any CPU.Build.0 = Release|Any CPU
		{45A3D730-AEEE-44D8-AE67-02068C1B0A4D}.Debug|Any CPU.ActiveCfg = Debug|Any CPU
		{45A3D730-AEEE-44D8-AE67-02068C1B0A4D}.Debug|Any CPU.Build.0 = Debug|Any CPU
		{45A3D730-AEEE-44D8-AE67-02068C1B0A4D}.Release|Any CPU.ActiveCfg = Release|Any CPU
		{45A3D730-AEEE-44D8-AE67-02068C1B0A4D}.Release|Any CPU.Build.0 = Release|Any CPU
	EndGlobalSection
	GlobalSection(SolutionProperties) = preSolution
		HideSolutionNode = FALSE
	EndGlobalSection
	GlobalSection(ExtensibilityGlobals) = postSolution
		SolutionGuid = {0FD14CE1-FE44-4596-83CB-9E4E491254B5}
	EndGlobalSection
EndGlobal
